<?xml version="1.0" encoding="utf-8"?>
<Project ToolsVersion="4.0" xmlns="http://schemas.microsoft.com/developer/msbuild/2003">
  <ItemGroup>
    <Filter Include="Source Files">
      <UniqueIdentifier>{4FC737F1-C7A5-4376-A066-2A32D752A2FF}</UniqueIdentifier>
      <Extensions>cpp;c;cc;cxx;def;odl;idl;hpj;bat;asm;asmx</Extensions>
    </Filter>
    <Filter Include="Header Files">
      <UniqueIdentifier>{93995380-89BD-4b04-88EB-625FBE52EBFB}</UniqueIdentifier>
      <Extensions>h;hh;hpp;hxx;hm;inl;inc;xsd</Extensions>
    </Filter>
    <Filter Include="Resource Files">
      <UniqueIdentifier>{67DA6AB6-F800-4c08-8B7A-83BB121AAD01}</UniqueIdentifier>
      <Extensions>rc;ico;cur;bmp;dlg;rc2;rct;bin;rgs;gif;jpg;jpeg;jpe;resx;tiff;tif;png;wav;mfcribbon-ms</Extensions>
    </Filter>
  </ItemGroup>
  <ItemGroup>
    <ClInclude Include="stdafx.h">
      <Filter>Header Files</Filter>
    </ClInclude>
    <ClInclude Include="targetver.h">
      <Filter>Header Files</Filter>
    </ClInclude>
    <ClInclude Include="resource.h">
      <Filter>Header Files</Filter>
    </ClInclude>
    <ClInclude Include="WslApiLoader.h">
      <Filter>Header Files</Filter>
    </ClInclude>
    <ClInclude Include="DistributionInfo.h">
      <Filter>Header Files</Filter>
    </ClInclude>
    <ClInclude Include="Helpers.h">
      <Filter>Header Files</Filter>
    </ClInclude>
    <ClInclude Include="OOBE.h">
      <Filter>Header Files</Filter>
    </ClInclude>
    <ClInclude Include="named_mutex.h">
      <Filter>Header Files</Filter>
    </ClInclude>
    <ClInclude Include="Application.h">
      <Filter>Header Files</Filter>
    </ClInclude>
    <ClInclude Include="ApplicationStrategy.h">
      <Filter>Header Files</Filter>
    </ClInclude>
    <ClInclude Include="ChildProcess.h">
      <Filter>Header Files</Filter>
    </ClInclude>
    <ClInclude Include="console_service.h">
      <Filter>Header Files</Filter>
    </ClInclude>
    <ClInclude Include="ExitStatus.h">
      <Filter>Header Files</Filter>
    </ClInclude>
    <ClInclude Include="extended_cli_parser.h">
      <Filter>Header Files</Filter>
    </ClInclude>
    <ClInclude Include="extended_messages.h">
      <Filter>Header Files</Filter>
    </ClInclude>
    <ClInclude Include="installer_controller.h">
      <Filter>Header Files</Filter>
    </ClInclude>
    <ClInclude Include="installer_policy.h">
      <Filter>Header Files</Filter>
    </ClInclude>
    <ClInclude Include="not_null.h">
      <Filter>Header Files</Filter>
    </ClInclude>
    <ClInclude Include="ProcessRunner.h">
      <Filter>Header Files</Filter>
    </ClInclude>
    <ClInclude Include="splash_controller.h">
      <Filter>Header Files</Filter>
    </ClInclude>
    <ClInclude Include="state_machine.h">
      <Filter>Header Files</Filter>
    </ClInclude>
    <ClInclude Include="sudo.h">
      <Filter>Header Files</Filter>
    </ClInclude>
    <ClInclude Include="Win32Utils.h">
      <Filter>Header Files</Filter>
    </ClInclude>
    <ClInclude Include="expected.hpp">
      <Filter>Header Files</Filter>
    </ClInclude>
    <ClInclude Include="WSLInfo.h">
      <Filter>Header Files</Filter>
    </ClInclude>
    <ClInclude Include="local_named_pipe.h">
      <Filter>Header Files</Filter>
    </ClInclude>
    <ClInclude Include="SetOnceNamedEvent.h">
      <Filter>Header Files</Filter>
    </ClInclude>
    <ClInclude Include="ApplicationStrategyCommon.h">
      <Filter>Header Files</Filter>
    </ClInclude>
    <ClInclude Include="SplashEnabledStrategy.h">
      <Filter>Header Files</Filter>
    </ClInclude>
    <ClInclude Include="NoSplashStrategy.h">
      <Filter>Header Files</Filter>
    </ClInclude>
    <ClInclude Include="algorithms.h">
      <Filter>Header Files</Filter>
    </ClInclude>
    <ClInclude Include="LauncherForceMode.h">
      <Filter>Header Files</Filter>
    </ClInclude>
    <ClInclude Include="WinTuiStrategy.h">
    <ClInclude Include="WinOobeStrategy.h">
      <Filter>Header Files</Filter>
    </ClInclude>
  </ItemGroup>
  <ItemGroup>
    <ClCompile Include="DistroLauncher.cpp">
      <Filter>Source Files</Filter>
    </ClCompile>
    <ClCompile Include="Helpers.cpp">
      <Filter>Source Files</Filter>
    </ClCompile>
    <ClCompile Include="WslApiLoader.cpp">
      <Filter>Source Files</Filter>
    </ClCompile>
    <ClCompile Include="stdafx.cpp">
      <Filter>Source Files</Filter>
    </ClCompile>
    <ClCompile Include="DistributionInfo.cpp">
      <Filter>Source Files</Filter>
    </ClCompile>
    <ClCompile Include="OOBE.cpp">
      <Filter>Source Files</Filter>
    </ClCompile>
    <ClCompile Include="WindowsUserInfo.cpp">
      <Filter>Source Files</Filter>
    </ClCompile>
    <ClCompile Include="named_mutex.cpp">
      <Filter>Source Files</Filter>
    </ClCompile>
    <ClCompile Include="ChildProcess.cpp">
      <Filter>Source Files</Filter>
    </ClCompile>
    <ClCompile Include="ExitStatus.cpp">
      <Filter>Source Files</Filter>
    </ClCompile>
    <ClCompile Include="exit_status_parser.cpp">
      <Filter>Source Files</Filter>
    </ClCompile>
    <ClCompile Include="extended_cli_parser.cpp">
      <Filter>Source Files</Filter>
    </ClCompile>
    <ClCompile Include="local_named_pipe.cpp">
      <Filter>Source Files</Filter>
    </ClCompile>
    <ClCompile Include="ProcessRunner.cpp">
      <Filter>Source Files</Filter>
    </ClCompile>
    <ClCompile Include="find_main_thread_window.cpp">
      <Filter>Source Files</Filter>
    </ClCompile>
    <ClCompile Include="ini_find_value.cpp">
      <Filter>Source Files</Filter>
    </ClCompile>
    <ClCompile Include="Win32Utils.cpp">
      <Filter>Source Files</Filter>
    </ClCompile>
    <ClCompile Include="WSLInfo.cpp">
      <Filter>Source Files</Filter>
    </ClCompile>
    <ClCompile Include="SetOnceNamedEvent.cpp">
      <Filter>Source Files</Filter>
    </ClCompile>
    <ClCompile Include="ApplicationStrategyCommon.cpp">
      <Filter>Source Files</Filter>
    </ClCompile>
    <ClCompile Include="upgrade_policy.cpp">
      <Filter>Source Files</Filter>
    </ClCompile>
    <ClCompile Include="SplashEnabledStrategy.cpp">
      <Filter>Source Files</Filter>
    </ClCompile>
    <ClCompile Include="NoSplashStrategy.cpp">
      <Filter>Source Files</Filter>
    </ClCompile>
    <ClCompile Include="LauncherForceMode.cpp">
      <Filter>Source Files</Filter>
    </ClCompile>
    <ClCompile Include="WinTuiStrategy.cpp">
    <ClCompile Include="WinOobeStrategy.cpp">
      <Filter>Source Files</Filter>
    </ClCompile>
  </ItemGroup>
  <ItemGroup>
    <ResourceCompile Include="DistroLauncher.rc">
      <Filter>Resource Files</Filter>
    </ResourceCompile>
  </ItemGroup>
  <ItemGroup>
    <Image Include=".\images\icon.ico">
      <Filter>Resource Files</Filter>
    </Image>
  </ItemGroup>
  <ItemGroup>
    <CustomBuild Include="messages.mc" />
  </ItemGroup>
</Project>
