
Microsoft Visual Studio Solution File, Format Version 12.00
# Visual Studio Version 16
VisualStudioVersion = 16.0.31911.196
MinimumVisualStudioVersion = 10.0.40219.1
Project("{8BC9CEB8-8B4A-11D0-8D11-00A0C91BC942}") = "DistroLauncher-Tests", "DistroLauncher-Tests\DistroLauncher-Tests.vcxproj", "{099F6358-A653-49E1-8788-6DB555F95B8E}"
	ProjectSection(ProjectDependencies) = postProject
		{BA627106-E5F7-46EE-B8D7-2D5A760F2FB2} = {BA627106-E5F7-46EE-B8D7-2D5A760F2FB2}
	EndProjectSection
EndProject
Project("{8BC9CEB8-8B4A-11D0-8D11-00A0C91BC942}") = "launcher", "..\DistroLauncher\DistroLauncher.vcxproj", "{BA627106-E5F7-46EE-B8D7-2D5A760F2FB2}"
EndProject
Project("{8BC9CEB8-8B4A-11D0-8D11-00A0C91BC942}") = "GTest", "GTest\GTest.vcxproj", "{FE0D50FF-24B4-44FC-BA7C-12A846C0C477}"
EndProject
Global
	GlobalSection(SolutionConfigurationPlatforms) = preSolution
		Debug|ARM64 = Debug|ARM64
		Debug|x64 = Debug|x64
		Debug|x86 = Debug|x86
		Release|ARM64 = Release|ARM64
		Release|x64 = Release|x64
		Release|x86 = Release|x86
	EndGlobalSection
	GlobalSection(ProjectConfigurationPlatforms) = postSolution
		{099F6358-A653-49E1-8788-6DB555F95B8E}.Debug|ARM64.ActiveCfg = Debug|Win32
		{099F6358-A653-49E1-8788-6DB555F95B8E}.Debug|x64.ActiveCfg = Debug|x64
		{099F6358-A653-49E1-8788-6DB555F95B8E}.Debug|x64.Build.0 = Debug|x64
		{099F6358-A653-49E1-8788-6DB555F95B8E}.Debug|x86.ActiveCfg = Debug|Win32
		{099F6358-A653-49E1-8788-6DB555F95B8E}.Debug|x86.Build.0 = Debug|Win32
		{099F6358-A653-49E1-8788-6DB555F95B8E}.Release|ARM64.ActiveCfg = Release|Win32
		{099F6358-A653-49E1-8788-6DB555F95B8E}.Release|x64.ActiveCfg = Release|x64
		{099F6358-A653-49E1-8788-6DB555F95B8E}.Release|x64.Build.0 = Release|x64
		{099F6358-A653-49E1-8788-6DB555F95B8E}.Release|x86.ActiveCfg = Release|Win32
		{099F6358-A653-49E1-8788-6DB555F95B8E}.Release|x86.Build.0 = Release|Win32
		{BA627106-E5F7-46EE-B8D7-2D5A760F2FB2}.Debug|ARM64.ActiveCfg = Debug|ARM64
		{BA627106-E5F7-46EE-B8D7-2D5A760F2FB2}.Debug|ARM64.Build.0 = Debug|ARM64
		{BA627106-E5F7-46EE-B8D7-2D5A760F2FB2}.Debug|x64.ActiveCfg = Debug|x64
		{BA627106-E5F7-46EE-B8D7-2D5A760F2FB2}.Debug|x64.Build.0 = Debug|x64
		{BA627106-E5F7-46EE-B8D7-2D5A760F2FB2}.Debug|x86.ActiveCfg = Debug|x64
		{BA627106-E5F7-46EE-B8D7-2D5A760F2FB2}.Release|ARM64.ActiveCfg = Release|ARM64
		{BA627106-E5F7-46EE-B8D7-2D5A760F2FB2}.Release|ARM64.Build.0 = Release|ARM64
		{BA627106-E5F7-46EE-B8D7-2D5A760F2FB2}.Release|x64.ActiveCfg = Release|x64
		{BA627106-E5F7-46EE-B8D7-2D5A760F2FB2}.Release|x64.Build.0 = Release|x64
		{BA627106-E5F7-46EE-B8D7-2D5A760F2FB2}.Release|x86.ActiveCfg = Release|x64
		{FE0D50FF-24B4-44FC-BA7C-12A846C0C477}.Debug|ARM64.ActiveCfg = Debug|Win32
		{FE0D50FF-24B4-44FC-BA7C-12A846C0C477}.Debug|x64.ActiveCfg = Debug|x64
		{FE0D50FF-24B4-44FC-BA7C-12A846C0C477}.Debug|x64.Build.0 = Debug|x64
		{FE0D50FF-24B4-44FC-BA7C-12A846C0C477}.Debug|x86.ActiveCfg = Debug|Win32
		{FE0D50FF-24B4-44FC-BA7C-12A846C0C477}.Debug|x86.Build.0 = Debug|Win32
		{FE0D50FF-24B4-44FC-BA7C-12A846C0C477}.Release|ARM64.ActiveCfg = Release|Win32
		{FE0D50FF-24B4-44FC-BA7C-12A846C0C477}.Release|x64.ActiveCfg = Release|x64
		{FE0D50FF-24B4-44FC-BA7C-12A846C0C477}.Release|x64.Build.0 = Release|x64
		{FE0D50FF-24B4-44FC-BA7C-12A846C0C477}.Release|x86.ActiveCfg = Release|Win32
		{FE0D50FF-24B4-44FC-BA7C-12A846C0C477}.Release|x86.Build.0 = Release|Win32
	EndGlobalSection
	GlobalSection(SolutionProperties) = preSolution
		HideSolutionNode = FALSE
	EndGlobalSection
	GlobalSection(ExtensibilityGlobals) = postSolution
		SolutionGuid = {5A87FAEB-096C-47C2-ACE5-B1C0E5F2B256}
	EndGlobalSection
EndGlobal
